
Microsoft Visual Studio Solution File, Format Version 12.00
# Visual Studio Version 17
VisualStudioVersion = 17.6.33829.357
MinimumVisualStudioVersion = 10.0.40219.1
Project("{FAE04EC0-301F-11D3-BF4B-00C04F79EFBC}") = "StrongholdDeMod", "StrongholdDeMod\StrongholdDeMod.csproj", "{F27B605A-45EC-4095-B416-F52322349BB3}"
EndProject
Global
	GlobalSection(SolutionConfigurationPlatforms) = preSolution
		Debug|Any CPU = Debug|Any CPU
		Release|Any CPU = Release|Any CPU
	EndGlobalSection
	GlobalSection(ProjectConfigurationPlatforms) = postSolution
		{F27B605A-45EC-4095-B416-F52322349BB3}.Debug|Any CPU.ActiveCfg = Debug|Any CPU
		{F27B605A-45EC-4095-B416-F52322349BB3}.Debug|Any CPU.Build.0 = Debug|Any CPU
		{F27B605A-45EC-4095-B416-F52322349BB3}.Release|Any CPU.ActiveCfg = Release|Any CPU
		{F27B605A-45EC-4095-B416-F52322349BB3}.Release|Any CPU.Build.0 = Release|Any CPU
	EndGlobalSection
	GlobalSection(SolutionProperties) = preSolution
		HideSolutionNode = FALSE
	EndGlobalSection
	GlobalSection(ExtensibilityGlobals) = postSolution
		SolutionGuid = {6AA2521E-70D6-4863-A699-35F515C977D3}
	EndGlobalSection
EndGlobal
